# THIS IS AN AUTOGENERATED FILE. DO NOT EDIT THIS FILE DIRECTLY.
# yarn lockfile v1


"@types/jquery@*", "@types/jquery@^3.5.29":
  version "3.5.29"
  resolved "https://registry.yarnpkg.com/@types/jquery/-/jquery-3.5.29.tgz#3c06a1f519cd5fc3a7a108971436c00685b5dcea"
  integrity sha512-oXQQC9X9MOPRrMhPHHOsXqeQDnWeCDT3PelUIg/Oy8FAbzSZtFHRjc7IpbfFVmpLtJ+UOoywpRsuO5Jxjybyeg==
  dependencies:
    "@types/sizzle" "*"

"@types/jqueryui@^1.12.21":
  version "1.12.21"
  resolved "https://registry.yarnpkg.com/@types/jqueryui/-/jqueryui-1.12.21.tgz#e8c3a2955a5236da452b3dacd4d87c8d64cb5326"
  integrity sha512-hsTOaWPg963smNdoHbEN2anu4vVWj9k2xuaZMIajWERPikaBRG49RmaDA/tb2HldX9/a0qHvQYKipXHSLhM3qA==
  dependencies:
    "@types/jquery" "*"

"@types/sizzle@*":
  version "2.3.8"
  resolved "https://registry.yarnpkg.com/@types/sizzle/-/sizzle-2.3.8.tgz#518609aefb797da19bf222feb199e8f653ff7627"
  integrity sha512-0vWLNK2D5MT9dg0iOo8GlKguPAU02QjmZitPEsXRuJXU/OGIOt9vT9Fc26wtYuavLxtO45v9PGleoL9Z0k1LHg==

bootstrap-icons@^1.11.3:
  version "1.11.3"
  resolved "https://registry.yarnpkg.com/bootstrap-icons/-/bootstrap-icons-1.11.3.tgz#03f9cb754ec005c52f9ee616e2e84a82cab3084b"
  integrity sha512-+3lpHrCw/it2/7lBL15VR0HEumaBss0+f/Lb6ZvHISn1mlK83jjFpooTLsMWbIjJMDjDjOExMsTxnXSIT4k4ww==

bootstrap@^5.3.3:
  version "5.3.3"
  resolved "https://registry.yarnpkg.com/bootstrap/-/bootstrap-5.3.3.tgz#de35e1a765c897ac940021900fcbb831602bac38"
  integrity sha512-8HLCdWgyoMguSO9o+aH+iuZ+aht+mzW0u3HIMzVu7Srrpv7EBBxTnrFlSCskwdY1+EOFQSm7uMJhNQHkdPcmjg==

help@^3.0.2:
  version "3.0.2"
  resolved "https://registry.yarnpkg.com/help/-/help-3.0.2.tgz#96e190d4a0a453b89c2cb4b05ab38e3a8f9fdadd"
  integrity sha512-jDd0MU+9xzvOQRC6CIzdjvb+agCvpzQY/Fp11quDnugDO4QQzh134EsLkRQMvFIJBleFkvnXagHFm4MTefkkpA==
